
Microsoft Visual Studio Solution File, Format Version 12.00
# Visual Studio Version 17
VisualStudioVersion = 17.5.33530.505
MinimumVisualStudioVersion = 10.0.40219.1
Project("{FAE04EC0-301F-11D3-BF4B-00C04F79EFBC}") = "Task1", "Task1.csproj", "{19CE0B11-C2CD-472E-A5EA-B45D9CB0A1E3}"
EndProject
Project("{FAE04EC0-301F-11D3-BF4B-00C04F79EFBC}") = "Task2", "..\Task2\Task2.csproj", "{FF11AA2D-2FD6-4EE4-B3A8-4BA51F95A183}"
EndProject
Project("{FAE04EC0-301F-11D3-BF4B-00C04F79EFBC}") = "Task3", "..\Task3\Task3.csproj", "{CAC65E67-7582-4AD0-ADBC-639012942D0C}"
EndProject
Project("{FAE04EC0-301F-11D3-BF4B-00C04F79EFBC}") = "Task4", "..\Task4\Task4.csproj", "{2F2BE207-E284-427E-BD1F-79A877895B3D}"
EndProject
Global
	GlobalSection(SolutionConfigurationPlatforms) = preSolution
		Debug|Any CPU = Debug|Any CPU
		Release|Any CPU = Release|Any CPU
	EndGlobalSection
	GlobalSection(ProjectConfigurationPlatforms) = postSolution
		{19CE0B11-C2CD-472E-A5EA-B45D9CB0A1E3}.Debug|Any CPU.ActiveCfg = Debug|Any CPU
		{19CE0B11-C2CD-472E-A5EA-B45D9CB0A1E3}.Debug|Any CPU.Build.0 = Debug|Any CPU
		{19CE0B11-C2CD-472E-A5EA-B45D9CB0A1E3}.Release|Any CPU.ActiveCfg = Release|Any CPU
		{19CE0B11-C2CD-472E-A5EA-B45D9CB0A1E3}.Release|Any CPU.Build.0 = Release|Any CPU
		{FF11AA2D-2FD6-4EE4-B3A8-4BA51F95A183}.Debug|Any CPU.ActiveCfg = Debug|Any CPU
		{FF11AA2D-2FD6-4EE4-B3A8-4BA51F95A183}.Debug|Any CPU.Build.0 = Debug|Any CPU
		{FF11AA2D-2FD6-4EE4-B3A8-4BA51F95A183}.Release|Any CPU.ActiveCfg = Release|Any CPU
		{FF11AA2D-2FD6-4EE4-B3A8-4BA51F95A183}.Release|Any CPU.Build.0 = Release|Any CPU
		{CAC65E67-7582-4AD0-ADBC-639012942D0C}.Debug|Any CPU.ActiveCfg = Debug|Any CPU
		{CAC65E67-7582-4AD0-ADBC-639012942D0C}.Debug|Any CPU.Build.0 = Debug|Any CPU
		{CAC65E67-7582-4AD0-ADBC-639012942D0C}.Release|Any CPU.ActiveCfg = Release|Any CPU
		{CAC65E67-7582-4AD0-ADBC-639012942D0C}.Release|Any CPU.Build.0 = Release|Any CPU
		{2F2BE207-E284-427E-BD1F-79A877895B3D}.Debug|Any CPU.ActiveCfg = Debug|Any CPU
		{2F2BE207-E284-427E-BD1F-79A877895B3D}.Debug|Any CPU.Build.0 = Debug|Any CPU
		{2F2BE207-E284-427E-BD1F-79A877895B3D}.Release|Any CPU.ActiveCfg = Release|Any CPU
		{2F2BE207-E284-427E-BD1F-79A877895B3D}.Release|Any CPU.Build.0 = Release|Any CPU
	EndGlobalSection
	GlobalSection(SolutionProperties) = preSolution
		HideSolutionNode = FALSE
	EndGlobalSection
	GlobalSection(ExtensibilityGlobals) = postSolution
		SolutionGuid = {F6173756-0FEC-4EAC-8512-9C46A6711937}
	EndGlobalSection
EndGlobal
